
Microsoft Visual Studio Solution File, Format Version 12.00
# Visual Studio Version 16
VisualStudioVersion = 16.0.29728.190
MinimumVisualStudioVersion = 10.0.40219.1
Project("{FAE04EC0-301F-11D3-BF4B-00C04F79EFBC}") = "part 5", "part 5.csproj", "{AD63FC62-C4B1-400A-8605-9DE2A0CD1FC3}"
EndProject
Global
	GlobalSection(SolutionConfigurationPlatforms) = preSolution
		Debug|Any CPU = Debug|Any CPU
		Release|Any CPU = Release|Any CPU
	EndGlobalSection
	GlobalSection(ProjectConfigurationPlatforms) = postSolution
		{AD63FC62-C4B1-400A-8605-9DE2A0CD1FC3}.Debug|Any CPU.ActiveCfg = Debug|Any CPU
		{AD63FC62-C4B1-400A-8605-9DE2A0CD1FC3}.Debug|Any CPU.Build.0 = Debug|Any CPU
		{AD63FC62-C4B1-400A-8605-9DE2A0CD1FC3}.Release|Any CPU.ActiveCfg = Release|Any CPU
		{AD63FC62-C4B1-400A-8605-9DE2A0CD1FC3}.Release|Any CPU.Build.0 = Release|Any CPU
	EndGlobalSection
	GlobalSection(SolutionProperties) = preSolution
		HideSolutionNode = FALSE
	EndGlobalSection
	GlobalSection(ExtensibilityGlobals) = postSolution
		SolutionGuid = {D6970FB1-9803-4251-8D63-E1E4A472EF9F}
	EndGlobalSection
EndGlobal
